// !$*UTF8*$!
{
	archiveVersion = 1;
	classes = {
	};
	objectVersion = 56;
	objects = {

/* Begin PBXBuildFile section */
		14538A9B2B0264D90062BCE5 /* EntityRelationsApp.swift in Sources */ = {isa = PBXBuildFile; fileRef = 14538A9A2B0264D90062BCE5 /* EntityRelationsApp.swift */; };
		14538A9D2B0264D90062BCE5 /* ContentView.swift in Sources */ = {isa = PBXBuildFile; fileRef = 14538A9C2B0264D90062BCE5 /* ContentView.swift */; };
		14538A9F2B0264DA0062BCE5 /* Assets.xcassets in Resources */ = {isa = PBXBuildFile; fileRef = 14538A9E2B0264DA0062BCE5 /* Assets.xcassets */; };
		14538AA22B0264DA0062BCE5 /* Preview Assets.xcassets in Resources */ = {isa = PBXBuildFile; fileRef = 14538AA12B0264DA0062BCE5 /* Preview Assets.xcassets */; };
		14538AAD2B0264DA0062BCE5 /* EntityRelationsTests.swift in Sources */ = {isa = PBXBuildFile; fileRef = 14538AAC2B0264DA0062BCE5 /* EntityRelationsTests.swift */; };
		14538AB72B0264DA0062BCE5 /* EntityRelationsUITests.swift in Sources */ = {isa = PBXBuildFile; fileRef = 14538AB62B0264DA0062BCE5 /* EntityRelationsUITests.swift */; };
		14538AB92B0264DA0062BCE5 /* EntityRelationsUITestsLaunchTests.swift in Sources */ = {isa = PBXBuildFile; fileRef = 14538AB82B0264DA0062BCE5 /* EntityRelationsUITestsLaunchTests.swift */; };
/* End PBXBuildFile section */

/* Begin PBXContainerItemProxy section */
		14538AA92B0264DA0062BCE5 /* PBXContainerItemProxy */ = {
			isa = PBXContainerItemProxy;
			containerPortal = 14538A8F2B0264D90062BCE5 /* Project object */;
			proxyType = 1;
			remoteGlobalIDString = 14538A962B0264D90062BCE5;
			remoteInfo = EntityRelations;
		};
		14538AB32B0264DA0062BCE5 /* PBXContainerItemProxy */ = {
			isa = PBXContainerItemProxy;
			containerPortal = 14538A8F2B0264D90062BCE5 /* Project object */;
			proxyType = 1;
			remoteGlobalIDString = 14538A962B0264D90062BCE5;
			remoteInfo = EntityRelations;
		};
/* End PBXContainerItemProxy section */

/* Begin PBXFileReference section */
		14538A972B0264D90062BCE5 /* EntityRelations.app */ = {isa = PBXFileReference; explicitFileType = wrapper.application; includeInIndex = 0; path = EntityRelations.app; sourceTree = BUILT_PRODUCTS_DIR; };
		14538A9A2B0264D90062BCE5 /* EntityRelationsApp.swift */ = {isa = PBXFileReference; lastKnownFileType = sourcecode.swift; path = EntityRelationsApp.swift; sourceTree = "<group>"; };
		14538A9C2B0264D90062BCE5 /* ContentView.swift */ = {isa = PBXFileReference; lastKnownFileType = sourcecode.swift; path = ContentView.swift; sourceTree = "<group>"; };
		14538A9E2B0264DA0062BCE5 /* Assets.xcassets */ = {isa = PBXFileReference; lastKnownFileType = folder.assetcatalog; path = Assets.xcassets; sourceTree = "<group>"; };
		14538AA12B0264DA0062BCE5 /* Preview Assets.xcassets */ = {isa = PBXFileReference; lastKnownFileType = folder.assetcatalog; path = "Preview Assets.xcassets"; sourceTree = "<group>"; };
		14538AA32B0264DA0062BCE5 /* EntityRelations.entitlements */ = {isa = PBXFileReference; lastKnownFileType = text.plist.entitlements; path = EntityRelations.entitlements; sourceTree = "<group>"; };
		14538AA82B0264DA0062BCE5 /* EntityRelationsTests.xctest */ = {isa = PBXFileReference; explicitFileType = wrapper.cfbundle; includeInIndex = 0; path = EntityRelationsTests.xctest; sourceTree = BUILT_PRODUCTS_DIR; };
		14538AAC2B0264DA0062BCE5 /* EntityRelationsTests.swift */ = {isa = PBXFileReference; lastKnownFileType = sourcecode.swift; path = EntityRelationsTests.swift; sourceTree = "<group>"; };
		14538AB22B0264DA0062BCE5 /* EntityRelationsUITests.xctest */ = {isa = PBXFileReference; explicitFileType = wrapper.cfbundle; includeInIndex = 0; path = EntityRelationsUITests.xctest; sourceTree = BUILT_PRODUCTS_DIR; };
		14538AB62B0264DA0062BCE5 /* EntityRelationsUITests.swift */ = {isa = PBXFileReference; lastKnownFileType = sourcecode.swift; path = EntityRelationsUITests.swift; sourceTree = "<group>"; };
		14538AB82B0264DA0062BCE5 /* EntityRelationsUITestsLaunchTests.swift */ = {isa = PBXFileReference; lastKnownFileType = sourcecode.swift; path = EntityRelationsUITestsLaunchTests.swift; sourceTree = "<group>"; };
/* End PBXFileReference section */

/* Begin PBXFrameworksBuildPhase section */
		14538A942B0264D90062BCE5 /* Frameworks */ = {
			isa = PBXFrameworksBuildPhase;
			buildActionMask = 2147483647;
			files = (
			);
			runOnlyForDeploymentPostprocessing = 0;
		};
		14538AA52B0264DA0062BCE5 /* Frameworks */ = {
			isa = PBXFrameworksBuildPhase;
			buildActionMask = 2147483647;
			files = (
			);
			runOnlyForDeploymentPostprocessing = 0;
		};
		14538AAF2B0264DA0062BCE5 /* Frameworks */ = {
			isa = PBXFrameworksBuildPhase;
			buildActionMask = 2147483647;
			files = (
			);
			runOnlyForDeploymentPostprocessing = 0;
		};
/* End PBXFrameworksBuildPhase section */

/* Begin PBXGroup section */
		14538A8E2B0264D90062BCE5 = {
			isa = PBXGroup;
			children = (
				14538A992B0264D90062BCE5 /* EntityRelations */,
				14538AAB2B0264DA0062BCE5 /* EntityRelationsTests */,
				14538AB52B0264DA0062BCE5 /* EntityRelationsUITests */,
				14538A982B0264D90062BCE5 /* Products */,
			);
			sourceTree = "<group>";
		};
		14538A982B0264D90062BCE5 /* Products */ = {
			isa = PBXGroup;
			children = (
				14538A972B0264D90062BCE5 /* EntityRelations.app */,
				14538AA82B0264DA0062BCE5 /* EntityRelationsTests.xctest */,
				14538AB22B0264DA0062BCE5 /* EntityRelationsUITests.xctest */,
			);
			name = Products;
			sourceTree = "<group>";
		};
		14538A992B0264D90062BCE5 /* EntityRelations */ = {
			isa = PBXGroup;
			children = (
				14538A9A2B0264D90062BCE5 /* EntityRelationsApp.swift */,
				14538A9C2B0264D90062BCE5 /* ContentView.swift */,
				14538A9E2B0264DA0062BCE5 /* Assets.xcassets */,
				14538AA32B0264DA0062BCE5 /* EntityRelations.entitlements */,
				14538AA02B0264DA0062BCE5 /* Preview Content */,
			);
			path = EntityRelations;
			sourceTree = "<group>";
		};
		14538AA02B0264DA0062BCE5 /* Preview Content */ = {
			isa = PBXGroup;
			children = (
				14538AA12B0264DA0062BCE5 /* Preview Assets.xcassets */,
			);
			path = "Preview Content";
			sourceTree = "<group>";
		};
		14538AAB2B0264DA0062BCE5 /* EntityRelationsTests */ = {
			isa = PBXGroup;
			children = (
				14538AAC2B0264DA0062BCE5 /* EntityRelationsTests.swift */,
			);
			path = EntityRelationsTests;
			sourceTree = "<group>";
		};
		14538AB52B0264DA0062BCE5 /* EntityRelationsUITests */ = {
			isa = PBXGroup;
			children = (
				14538AB62B0264DA0062BCE5 /* EntityRelationsUITests.swift */,
				14538AB82B0264DA0062BCE5 /* EntityRelationsUITestsLaunchTests.swift */,
			);
			path = EntityRelationsUITests;
			sourceTree = "<group>";
		};
/* End PBXGroup section */

/* Begin PBXNativeTarget section */
		14538A962B0264D90062BCE5 /* EntityRelations */ = {
			isa = PBXNativeTarget;
			buildConfigurationList = 14538ABC2B0264DA0062BCE5 /* Build configuration list for PBXNativeTarget "EntityRelations" */;
			buildPhases = (
				14538A932B0264D90062BCE5 /* Sources */,
				14538A942B0264D90062BCE5 /* Frameworks */,
				14538A952B0264D90062BCE5 /* Resources */,
			);
			buildRules = (
			);
			dependencies = (
			);
			name = EntityRelations;
			productName = EntityRelations;
			productReference = 14538A972B0264D90062BCE5 /* EntityRelations.app */;
			productType = "com.apple.product-type.application";
		};
		14538AA72B0264DA0062BCE5 /* EntityRelationsTests */ = {
			isa = PBXNativeTarget;
			buildConfigurationList = 14538ABF2B0264DA0062BCE5 /* Build configuration list for PBXNativeTarget "EntityRelationsTests" */;
			buildPhases = (
				14538AA42B0264DA0062BCE5 /* Sources */,
				14538AA52B0264DA0062BCE5 /* Frameworks */,
				14538AA62B0264DA0062BCE5 /* Resources */,
			);
			buildRules = (
			);
			dependencies = (
				14538AAA2B0264DA0062BCE5 /* PBXTargetDependency */,
			);
			name = EntityRelationsTests;
			productName = EntityRelationsTests;
			productReference = 14538AA82B0264DA0062BCE5 /* EntityRelationsTests.xctest */;
			productType = "com.apple.product-type.bundle.unit-test";
		};
		14538AB12B0264DA0062BCE5 /* EntityRelationsUITests */ = {
			isa = PBXNativeTarget;
			buildConfigurationList = 14538AC22B0264DA0062BCE5 /* Build configuration list for PBXNativeTarget "EntityRelationsUITests" */;
			buildPhases = (
				14538AAE2B0264DA0062BCE5 /* Sources */,
				14538AAF2B0264DA0062BCE5 /* Frameworks */,
				14538AB02B0264DA0062BCE5 /* Resources */,
			);
			buildRules = (
			);
			dependencies = (
				14538AB42B0264DA0062BCE5 /* PBXTargetDependency */,
			);
			name = EntityRelationsUITests;
			productName = EntityRelationsUITests;
			productReference = 14538AB22B0264DA0062BCE5 /* EntityRelationsUITests.xctest */;
			productType = "com.apple.product-type.bundle.ui-testing";
		};
/* End PBXNativeTarget section */

/* Begin PBXProject section */
		14538A8F2B0264D90062BCE5 /* Project object */ = {
			isa = PBXProject;
			attributes = {
				BuildIndependentTargetsInParallel = 1;
				LastSwiftUpdateCheck = 1500;
				LastUpgradeCheck = 1500;
				TargetAttributes = {
					14538A962B0264D90062BCE5 = {
						CreatedOnToolsVersion = 15.0;
					};
					14538AA72B0264DA0062BCE5 = {
						CreatedOnToolsVersion = 15.0;
						TestTargetID = 14538A962B0264D90062BCE5;
					};
					14538AB12B0264DA0062BCE5 = {
						CreatedOnToolsVersion = 15.0;
						TestTargetID = 14538A962B0264D90062BCE5;
					};
				};
			};
			buildConfigurationList = 14538A922B0264D90062BCE5 /* Build configuration list for PBXProject "EntityRelations" */;
			compatibilityVersion = "Xcode 14.0";
			developmentRegion = en;
			hasScannedForEncodings = 0;
			knownRegions = (
				en,
				Base,
			);
			mainGroup = 14538A8E2B0264D90062BCE5;
			productRefGroup = 14538A982B0264D90062BCE5 /* Products */;
			projectDirPath = "";
			projectRoot = "";
			targets = (
				14538A962B0264D90062BCE5 /* EntityRelations */,
				14538AA72B0264DA0062BCE5 /* EntityRelationsTests */,
				14538AB12B0264DA0062BCE5 /* EntityRelationsUITests */,
			);
		};
/* End PBXProject section */

/* Begin PBXResourcesBuildPhase section */
		14538A952B0264D90062BCE5 /* Resources */ = {
			isa = PBXResourcesBuildPhase;
			buildActionMask = 2147483647;
			files = (
				14538AA22B0264DA0062BCE5 /* Preview Assets.xcassets in Resources */,
				14538A9F2B0264DA0062BCE5 /* Assets.xcassets in Resources */,
			);
			runOnlyForDeploymentPostprocessing = 0;
		};
		14538AA62B0264DA0062BCE5 /* Resources */ = {
			isa = PBXResourcesBuildPhase;
			buildActionMask = 2147483647;
			files = (
			);
			runOnlyForDeploymentPostprocessing = 0;
		};
		14538AB02B0264DA0062BCE5 /* Resources */ = {
			isa = PBXResourcesBuildPhase;
			buildActionMask = 2147483647;
			files = (
			);
			runOnlyForDeploymentPostprocessing = 0;
		};
/* End PBXResourcesBuildPhase section */

/* Begin PBXSourcesBuildPhase section */
		14538A932B0264D90062BCE5 /* Sources */ = {
			isa = PBXSourcesBuildPhase;
			buildActionMask = 2147483647;
			files = (
				14538A9D2B0264D90062BCE5 /* ContentView.swift in Sources */,
				14538A9B2B0264D90062BCE5 /* EntityRelationsApp.swift in Sources */,
			);
			runOnlyForDeploymentPostprocessing = 0;
		};
		14538AA42B0264DA0062BCE5 /* Sources */ = {
			isa = PBXSourcesBuildPhase;
			buildActionMask = 2147483647;
			files = (
				14538AAD2B0264DA0062BCE5 /* EntityRelationsTests.swift in Sources */,
			);
			runOnlyForDeploymentPostprocessing = 0;
		};
		14538AAE2B0264DA0062BCE5 /* Sources */ = {
			isa = PBXSourcesBuildPhase;
			buildActionMask = 2147483647;
			files = (
				14538AB72B0264DA0062BCE5 /* EntityRelationsUITests.swift in Sources */,
				14538AB92B0264DA0062BCE5 /* EntityRelationsUITestsLaunchTests.swift in Sources */,
			);
			runOnlyForDeploymentPostprocessing = 0;
		};
/* End PBXSourcesBuildPhase section */

/* Begin PBXTargetDependency section */
		14538AAA2B0264DA0062BCE5 /* PBXTargetDependency */ = {
			isa = PBXTargetDependency;
			target = 14538A962B0264D90062BCE5 /* EntityRelations */;
			targetProxy = 14538AA92B0264DA0062BCE5 /* PBXContainerItemProxy */;
		};
		14538AB42B0264DA0062BCE5 /* PBXTargetDependency */ = {
			isa = PBXTargetDependency;
			target = 14538A962B0264D90062BCE5 /* EntityRelations */;
			targetProxy = 14538AB32B0264DA0062BCE5 /* PBXContainerItemProxy */;
		};
/* End PBXTargetDependency section */

/* Begin XCBuildConfiguration section */
		14538ABA2B0264DA0062BCE5 /* Debug */ = {
			isa = XCBuildConfiguration;
			buildSettings = {
				ALWAYS_SEARCH_USER_PATHS = NO;
				ASSETCATALOG_COMPILER_GENERATE_SWIFT_ASSET_SYMBOL_EXTENSIONS = YES;
				CLANG_ANALYZER_NONNULL = YES;
				CLANG_ANALYZER_NUMBER_OBJECT_CONVERSION = YES_AGGRESSIVE;
				CLANG_CXX_LANGUAGE_STANDARD = "gnu++20";
				CLANG_ENABLE_MODULES = YES;
				CLANG_ENABLE_OBJC_ARC = YES;
				CLANG_ENABLE_OBJC_WEAK = YES;
				CLANG_WARN_BLOCK_CAPTURE_AUTORELEASING = YES;
				CLANG_WARN_BOOL_CONVERSION = YES;
				CLANG_WARN_COMMA = YES;
				CLANG_WARN_CONSTANT_CONVERSION = YES;
				CLANG_WARN_DEPRECATED_OBJC_IMPLEMENTATIONS = YES;
				CLANG_WARN_DIRECT_OBJC_ISA_USAGE = YES_ERROR;
				CLANG_WARN_DOCUMENTATION_COMMENTS = YES;
				CLANG_WARN_EMPTY_BODY = YES;
				CLANG_WARN_ENUM_CONVERSION = YES;
				CLANG_WARN_INFINITE_RECURSION = YES;
				CLANG_WARN_INT_CONVERSION = YES;
				CLANG_WARN_NON_LITERAL_NULL_CONVERSION = YES;
				CLANG_WARN_OBJC_IMPLICIT_RETAIN_SELF = YES;
				CLANG_WARN_OBJC_LITERAL_CONVERSION = YES;
				CLANG_WARN_OBJC_ROOT_CLASS = YES_ERROR;
				CLANG_WARN_QUOTED_INCLUDE_IN_FRAMEWORK_HEADER = YES;
				CLANG_WARN_RANGE_LOOP_ANALYSIS = YES;
				CLANG_WARN_STRICT_PROTOTYPES = YES;
				CLANG_WARN_SUSPICIOUS_MOVE = YES;
				CLANG_WARN_UNGUARDED_AVAILABILITY = YES_AGGRESSIVE;
				CLANG_WARN_UNREACHABLE_CODE = YES;
				CLANG_WARN__DUPLICATE_METHOD_MATCH = YES;
				COPY_PHASE_STRIP = NO;
				DEBUG_INFORMATION_FORMAT = dwarf;
				ENABLE_STRICT_OBJC_MSGSEND = YES;
				ENABLE_TESTABILITY = YES;
				ENABLE_USER_SCRIPT_SANDBOXING = YES;
				GCC_C_LANGUAGE_STANDARD = gnu17;
				GCC_DYNAMIC_NO_PIC = NO;
				GCC_NO_COMMON_BLOCKS = YES;
				GCC_OPTIMIZATION_LEVEL = 0;
				GCC_PREPROCESSOR_DEFINITIONS = (
					"DEBUG=1",
					"$(inherited)",
				);
				GCC_WARN_64_TO_32_BIT_CONVERSION = YES;
				GCC_WARN_ABOUT_RETURN_TYPE = YES_ERROR;
				GCC_WARN_UNDECLARED_SELECTOR = YES;
				GCC_WARN_UNINITIALIZED_AUTOS = YES_AGGRESSIVE;
				GCC_WARN_UNUSED_FUNCTION = YES;
				GCC_WARN_UNUSED_VARIABLE = YES;
				LOCALIZATION_PREFERS_STRING_CATALOGS = YES;
				MACOSX_DEPLOYMENT_TARGET = 13.6;
				MTL_ENABLE_DEBUG_INFO = INCLUDE_SOURCE;
				MTL_FAST_MATH = YES;
				ONLY_ACTIVE_ARCH = YES;
				SDKROOT = macosx;
				SWIFT_ACTIVE_COMPILATION_CONDITIONS = "DEBUG $(inherited)";
				SWIFT_OPTIMIZATION_LEVEL = "-Onone";
			};
			name = Debug;
		};
		14538ABB2B0264DA0062BCE5 /* Release */ = {
			isa = XCBuildConfiguration;
			buildSettings = {
				ALWAYS_SEARCH_USER_PATHS = NO;
				ASSETCATALOG_COMPILER_GENERATE_SWIFT_ASSET_SYMBOL_EXTENSIONS = YES;
				CLANG_ANALYZER_NONNULL = YES;
				CLANG_ANALYZER_NUMBER_OBJECT_CONVERSION = YES_AGGRESSIVE;
				CLANG_CXX_LANGUAGE_STANDARD = "gnu++20";
				CLANG_ENABLE_MODULES = YES;
				CLANG_ENABLE_OBJC_ARC = YES;
				CLANG_ENABLE_OBJC_WEAK = YES;
				CLANG_WARN_BLOCK_CAPTURE_AUTORELEASING = YES;
				CLANG_WARN_BOOL_CONVERSION = YES;
				CLANG_WARN_COMMA = YES;
				CLANG_WARN_CONSTANT_CONVERSION = YES;
				CLANG_WARN_DEPRECATED_OBJC_IMPLEMENTATIONS = YES;
				CLANG_WARN_DIRECT_OBJC_ISA_USAGE = YES_ERROR;
				CLANG_WARN_DOCUMENTATION_COMMENTS = YES;
				CLANG_WARN_EMPTY_BODY = YES;
				CLANG_WARN_ENUM_CONVERSION = YES;
				CLANG_WARN_INFINITE_RECURSION = YES;
				CLANG_WARN_INT_CONVERSION = YES;
				CLANG_WARN_NON_LITERAL_NULL_CONVERSION = YES;
				CLANG_WARN_OBJC_IMPLICIT_RETAIN_SELF = YES;
				CLANG_WARN_OBJC_LITERAL_CONVERSION = YES;
				CLANG_WARN_OBJC_ROOT_CLASS = YES_ERROR;
				CLANG_WARN_QUOTED_INCLUDE_IN_FRAMEWORK_HEADER = YES;
				CLANG_WARN_RANGE_LOOP_ANALYSIS = YES;
				CLANG_WARN_STRICT_PROTOTYPES = YES;
				CLANG_WARN_SUSPICIOUS_MOVE = YES;
				CLANG_WARN_UNGUARDED_AVAILABILITY = YES_AGGRESSIVE;
				CLANG_WARN_UNREACHABLE_CODE = YES;
				CLANG_WARN__DUPLICATE_METHOD_MATCH = YES;
				COPY_PHASE_STRIP = NO;
				DEBUG_INFORMATION_FORMAT = "dwarf-with-dsym";
				ENABLE_NS_ASSERTIONS = NO;
				ENABLE_STRICT_OBJC_MSGSEND = YES;
				ENABLE_USER_SCRIPT_SANDBOXING = YES;
				GCC_C_LANGUAGE_STANDARD = gnu17;
				GCC_NO_COMMON_BLOCKS = YES;
				GCC_WARN_64_TO_32_BIT_CONVERSION = YES;
				GCC_WARN_ABOUT_RETURN_TYPE = YES_ERROR;
				GCC_WARN_UNDECLARED_SELECTOR = YES;
				GCC_WARN_UNINITIALIZED_AUTOS = YES_AGGRESSIVE;
				GCC_WARN_UNUSED_FUNCTION = YES;
				GCC_WARN_UNUSED_VARIABLE = YES;
				LOCALIZATION_PREFERS_STRING_CATALOGS = YES;
				MACOSX_DEPLOYMENT_TARGET = 13.6;
				MTL_ENABLE_DEBUG_INFO = NO;
				MTL_FAST_MATH = YES;
				SDKROOT = macosx;
				SWIFT_COMPILATION_MODE = wholemodule;
			};
			name = Release;
		};
		14538ABD2B0264DA0062BCE5 /* Debug */ = {
			isa = XCBuildConfiguration;
			buildSettings = {
				ASSETCATALOG_COMPILER_APPICON_NAME = AppIcon;
				ASSETCATALOG_COMPILER_GLOBAL_ACCENT_COLOR_NAME = AccentColor;
				CODE_SIGN_ENTITLEMENTS = EntityRelations/EntityRelations.entitlements;
				CODE_SIGN_STYLE = Automatic;
				COMBINE_HIDPI_IMAGES = YES;
				CURRENT_PROJECT_VERSION = 1;
				DEVELOPMENT_ASSET_PATHS = "\"EntityRelations/Preview Content\"";
				DEVELOPMENT_TEAM = 2BK7JT88DX;
				ENABLE_HARDENED_RUNTIME = YES;
				ENABLE_PREVIEWS = YES;
				GENERATE_INFOPLIST_FILE = YES;
				INFOPLIST_KEY_NSHumanReadableCopyright = "";
				LD_RUNPATH_SEARCH_PATHS = (
					"$(inherited)",
					"@executable_path/../Frameworks",
				);
				MARKETING_VERSION = 1.0;
				PRODUCT_BUNDLE_IDENTIFIER = v.sviridov.EntityRelations;
				PRODUCT_NAME = "$(TARGET_NAME)";
				SWIFT_EMIT_LOC_STRINGS = YES;
				SWIFT_VERSION = 5.0;
			};
			name = Debug;
		};
		14538ABE2B0264DA0062BCE5 /* Release */ = {
			isa = XCBuildConfiguration;
			buildSettings = {
				ASSETCATALOG_COMPILER_APPICON_NAME = AppIcon;
				ASSETCATALOG_COMPILER_GLOBAL_ACCENT_COLOR_NAME = AccentColor;
				CODE_SIGN_ENTITLEMENTS = EntityRelations/EntityRelations.entitlements;
				CODE_SIGN_STYLE = Automatic;
				COMBINE_HIDPI_IMAGES = YES;
				CURRENT_PROJECT_VERSION = 1;
				DEVELOPMENT_ASSET_PATHS = "\"EntityRelations/Preview Content\"";
				DEVELOPMENT_TEAM = 2BK7JT88DX;
				ENABLE_HARDENED_RUNTIME = YES;
				ENABLE_PREVIEWS = YES;
				GENERATE_INFOPLIST_FILE = YES;
				INFOPLIST_KEY_NSHumanReadableCopyright = "";
				LD_RUNPATH_SEARCH_PATHS = (
					"$(inherited)",
					"@executable_path/../Frameworks",
				);
				MARKETING_VERSION = 1.0;
				PRODUCT_BUNDLE_IDENTIFIER = v.sviridov.EntityRelations;
				PRODUCT_NAME = "$(TARGET_NAME)";
				SWIFT_EMIT_LOC_STRINGS = YES;
				SWIFT_VERSION = 5.0;
			};
			name = Release;
		};
		14538AC02B0264DA0062BCE5 /* Debug */ = {
			isa = XCBuildConfiguration;
			buildSettings = {
				ALWAYS_EMBED_SWIFT_STANDARD_LIBRARIES = YES;
				BUNDLE_LOADER = "$(TEST_HOST)";
				CODE_SIGN_STYLE = Automatic;
				CURRENT_PROJECT_VERSION = 1;
				DEVELOPMENT_TEAM = 2BK7JT88DX;
				GENERATE_INFOPLIST_FILE = YES;
				MACOSX_DEPLOYMENT_TARGET = 13.6;
				MARKETING_VERSION = 1.0;
				PRODUCT_BUNDLE_IDENTIFIER = v.sviridov.EntityRelationsTests;
				PRODUCT_NAME = "$(TARGET_NAME)";
				SWIFT_EMIT_LOC_STRINGS = NO;
				SWIFT_VERSION = 5.0;
				TEST_HOST = "$(BUILT_PRODUCTS_DIR)/EntityRelations.app/$(BUNDLE_EXECUTABLE_FOLDER_PATH)/EntityRelations";
			};
			name = Debug;
		};
		14538AC12B0264DA0062BCE5 /* Release */ = {
			isa = XCBuildConfiguration;
			buildSettings = {
				ALWAYS_EMBED_SWIFT_STANDARD_LIBRARIES = YES;
				BUNDLE_LOADER = "$(TEST_HOST)";
				CODE_SIGN_STYLE = Automatic;
				CURRENT_PROJECT_VERSION = 1;
				DEVELOPMENT_TEAM = 2BK7JT88DX;
				GENERATE_INFOPLIST_FILE = YES;
				MACOSX_DEPLOYMENT_TARGET = 13.6;
				MARKETING_VERSION = 1.0;
				PRODUCT_BUNDLE_IDENTIFIER = v.sviridov.EntityRelationsTests;
				PRODUCT_NAME = "$(TARGET_NAME)";
				SWIFT_EMIT_LOC_STRINGS = NO;
				SWIFT_VERSION = 5.0;
				TEST_HOST = "$(BUILT_PRODUCTS_DIR)/EntityRelations.app/$(BUNDLE_EXECUTABLE_FOLDER_PATH)/EntityRelations";
			};
			name = Release;
		};
		14538AC32B0264DA0062BCE5 /* Debug */ = {
			isa = XCBuildConfiguration;
			buildSettings = {
				ALWAYS_EMBED_SWIFT_STANDARD_LIBRARIES = YES;
				CODE_SIGN_STYLE = Automatic;
				CURRENT_PROJECT_VERSION = 1;
				DEVELOPMENT_TEAM = 2BK7JT88DX;
				GENERATE_INFOPLIST_FILE = YES;
				MARKETING_VERSION = 1.0;
				PRODUCT_BUNDLE_IDENTIFIER = v.sviridov.EntityRelationsUITests;
				PRODUCT_NAME = "$(TARGET_NAME)";
				SWIFT_EMIT_LOC_STRINGS = NO;
				SWIFT_VERSION = 5.0;
				TEST_TARGET_NAME = EntityRelations;
			};
			name = Debug;
		};
		14538AC42B0264DA0062BCE5 /* Release */ = {
			isa = XCBuildConfiguration;
			buildSettings = {
				ALWAYS_EMBED_SWIFT_STANDARD_LIBRARIES = YES;
				CODE_SIGN_STYLE = Automatic;
				CURRENT_PROJECT_VERSION = 1;
				DEVELOPMENT_TEAM = 2BK7JT88DX;
				GENERATE_INFOPLIST_FILE = YES;
				MARKETING_VERSION = 1.0;
				PRODUCT_BUNDLE_IDENTIFIER = v.sviridov.EntityRelationsUITests;
				PRODUCT_NAME = "$(TARGET_NAME)";
				SWIFT_EMIT_LOC_STRINGS = NO;
				SWIFT_VERSION = 5.0;
				TEST_TARGET_NAME = EntityRelations;
			};
			name = Release;
		};
/* End XCBuildConfiguration section */

/* Begin XCConfigurationList section */
		14538A922B0264D90062BCE5 /* Build configuration list for PBXProject "EntityRelations" */ = {
			isa = XCConfigurationList;
			buildConfigurations = (
				14538ABA2B0264DA0062BCE5 /* Debug */,
				14538ABB2B0264DA0062BCE5 /* Release */,
			);
			defaultConfigurationIsVisible = 0;
			defaultConfigurationName = Release;
		};
		14538ABC2B0264DA0062BCE5 /* Build configuration list for PBXNativeTarget "EntityRelations" */ = {
			isa = XCConfigurationList;
			buildConfigurations = (
				14538ABD2B0264DA0062BCE5 /* Debug */,
				14538ABE2B0264DA0062BCE5 /* Release */,
			);
			defaultConfigurationIsVisible = 0;
			defaultConfigurationName = Release;
		};
		14538ABF2B0264DA0062BCE5 /* Build configuration list for PBXNativeTarget "EntityRelationsTests" */ = {
			isa = XCConfigurationList;
			buildConfigurations = (
				14538AC02B0264DA0062BCE5 /* Debug */,
				14538AC12B0264DA0062BCE5 /* Release */,
			);
			defaultConfigurationIsVisible = 0;
			defaultConfigurationName = Release;
		};
		14538AC22B0264DA0062BCE5 /* Build configuration list for PBXNativeTarget "EntityRelationsUITests" */ = {
			isa = XCConfigurationList;
			buildConfigurations = (
				14538AC32B0264DA0062BCE5 /* Debug */,
				14538AC42B0264DA0062BCE5 /* Release */,
			);
			defaultConfigurationIsVisible = 0;
			defaultConfigurationName = Release;
		};
/* End XCConfigurationList section */
	};
	rootObject = 14538A8F2B0264D90062BCE5 /* Project object */;
}
